
Microsoft Visual Studio Solution File, Format Version 12.00
# Visual Studio Version 16
VisualStudioVersion = 16.0.30204.135
MinimumVisualStudioVersion = 10.0.40219.1
Project("{FAE04EC0-301F-11D3-BF4B-00C04F79EFBC}") = "UTF8toSJISConverter", "UTF8toSJISConverter.csproj", "{CFEA58E7-71F3-49FA-8F54-A6AD196B4B62}"
EndProject
Global
	GlobalSection(SolutionConfigurationPlatforms) = preSolution
		Debug|Any CPU = Debug|Any CPU
		Release|Any CPU = Release|Any CPU
	EndGlobalSection
	GlobalSection(ProjectConfigurationPlatforms) = postSolution
		{CFEA58E7-71F3-49FA-8F54-A6AD196B4B62}.Debug|Any CPU.ActiveCfg = Debug|Any CPU
		{CFEA58E7-71F3-49FA-8F54-A6AD196B4B62}.Debug|Any CPU.Build.0 = Debug|Any CPU
		{CFEA58E7-71F3-49FA-8F54-A6AD196B4B62}.Release|Any CPU.ActiveCfg = Release|Any CPU
		{CFEA58E7-71F3-49FA-8F54-A6AD196B4B62}.Release|Any CPU.Build.0 = Release|Any CPU
	EndGlobalSection
	GlobalSection(SolutionProperties) = preSolution
		HideSolutionNode = FALSE
	EndGlobalSection
	GlobalSection(ExtensibilityGlobals) = postSolution
		SolutionGuid = {541B0CBD-D487-4DCA-ACF8-447654A19D6C}
	EndGlobalSection
EndGlobal
